
Microsoft Visual Studio Solution File, Format Version 12.00
# Visual Studio 2012
Project("{FAE04EC0-301F-11D3-BF4B-00C04F79EFBC}") = "GoogleMantisQTest", "GoogleMantisQTest.csproj", "{2DCC7EA5-51FC-432E-AAA0-3EB618F9AF1B}"
EndProject
Global
	GlobalSection(SolutionConfigurationPlatforms) = preSolution
		Debug|Any CPU = Debug|Any CPU
		Release|Any CPU = Release|Any CPU
	EndGlobalSection
	GlobalSection(ProjectConfigurationPlatforms) = postSolution
		{2DCC7EA5-51FC-432E-AAA0-3EB618F9AF1B}.Debug|Any CPU.ActiveCfg = Debug|Any CPU
		{2DCC7EA5-51FC-432E-AAA0-3EB618F9AF1B}.Debug|Any CPU.Build.0 = Debug|Any CPU
		{2DCC7EA5-51FC-432E-AAA0-3EB618F9AF1B}.Release|Any CPU.ActiveCfg = Release|Any CPU
		{2DCC7EA5-51FC-432E-AAA0-3EB618F9AF1B}.Release|Any CPU.Build.0 = Release|Any CPU
	EndGlobalSection
	GlobalSection(MonoDevelopProperties) = preSolution
		description = Qlczas tries to master Selenium and do some Testing!
		version = 0.2
	EndGlobalSection
EndGlobal
